// !$*UTF8*$!
{
	archiveVersion = 1;
	classes = {
	};
	objectVersion = 56;
	objects = {

/* Begin PBXBuildFile section */
		101AC9522AD4BFEA0006731F /* TheMealAPI+Meals.swift in Sources */ = {isa = PBXBuildFile; fileRef = 101AC9512AD4BFEA0006731F /* TheMealAPI+Meals.swift */; };
		101AC9542AD4C0CE0006731F /* Meals.swift in Sources */ = {isa = PBXBuildFile; fileRef = 101AC9532AD4C0CE0006731F /* Meals.swift */; };
		101AC9562AD4C17E0006731F /* MealsById.swift in Sources */ = {isa = PBXBuildFile; fileRef = 101AC9552AD4C17E0006731F /* MealsById.swift */; };
		101AC9582AD4C9EC0006731F /* TheMealAPI+MealDetail.swift in Sources */ = {isa = PBXBuildFile; fileRef = 101AC9572AD4C9EC0006731F /* TheMealAPI+MealDetail.swift */; };
		101AC95C2AD4D99C0006731F /* MainViewModel.swift in Sources */ = {isa = PBXBuildFile; fileRef = 101AC95B2AD4D99C0006731F /* MainViewModel.swift */; };
		101AC95E2AD4DA8B0006731F /* MealTableViewCell.xib in Resources */ = {isa = PBXBuildFile; fileRef = 101AC95D2AD4DA8B0006731F /* MealTableViewCell.xib */; };
		101AC9602AD4DACC0006731F /* MealTableViewCell.swift in Sources */ = {isa = PBXBuildFile; fileRef = 101AC95F2AD4DACC0006731F /* MealTableViewCell.swift */; };
		10714D922AD0EBE900E26AD0 /* AppDelegate.swift in Sources */ = {isa = PBXBuildFile; fileRef = 10714D912AD0EBE900E26AD0 /* AppDelegate.swift */; };
		10714D942AD0EBE900E26AD0 /* SceneDelegate.swift in Sources */ = {isa = PBXBuildFile; fileRef = 10714D932AD0EBE900E26AD0 /* SceneDelegate.swift */; };
		10714D962AD0EBE900E26AD0 /* ViewController.swift in Sources */ = {isa = PBXBuildFile; fileRef = 10714D952AD0EBE900E26AD0 /* ViewController.swift */; };
		10714D992AD0EBE900E26AD0 /* Main.storyboard in Resources */ = {isa = PBXBuildFile; fileRef = 10714D972AD0EBE900E26AD0 /* Main.storyboard */; };
		10714D9B2AD0EBEC00E26AD0 /* Assets.xcassets in Resources */ = {isa = PBXBuildFile; fileRef = 10714D9A2AD0EBEC00E26AD0 /* Assets.xcassets */; };
		10714D9E2AD0EBEC00E26AD0 /* LaunchScreen.storyboard in Resources */ = {isa = PBXBuildFile; fileRef = 10714D9C2AD0EBEC00E26AD0 /* LaunchScreen.storyboard */; };
		10A8AA052AD7325000EBE90D /* MealDetailViewController.swift in Sources */ = {isa = PBXBuildFile; fileRef = 10A8AA042AD7325000EBE90D /* MealDetailViewController.swift */; };
		10A8AA072AD7327500EBE90D /* MealDetailViewController.storyboard in Resources */ = {isa = PBXBuildFile; fileRef = 10A8AA062AD7327500EBE90D /* MealDetailViewController.storyboard */; };
		10A8AA092AD7391100EBE90D /* MealDetailViewModel.swift in Sources */ = {isa = PBXBuildFile; fileRef = 10A8AA082AD7391100EBE90D /* MealDetailViewModel.swift */; };
		10A8AA0C2AD7539F00EBE90D /* String+Validation.swift in Sources */ = {isa = PBXBuildFile; fileRef = 10A8AA0B2AD7539F00EBE90D /* String+Validation.swift */; };
		10A8AA0E2AD7543C00EBE90D /* Storyboarded.swift in Sources */ = {isa = PBXBuildFile; fileRef = 10A8AA0D2AD7543C00EBE90D /* Storyboarded.swift */; };
		10FB86482AD38ABD00190D38 /* Siesta in Frameworks */ = {isa = PBXBuildFile; productRef = 10FB86472AD38ABD00190D38 /* Siesta */; };
		10FB864A2AD38ABD00190D38 /* SiestaUI in Frameworks */ = {isa = PBXBuildFile; productRef = 10FB86492AD38ABD00190D38 /* SiestaUI */; };
		10FB864F2AD38DEA00190D38 /* TheMealAPI.swift in Sources */ = {isa = PBXBuildFile; fileRef = 10FB864E2AD38DEA00190D38 /* TheMealAPI.swift */; };
		10FB86522AD393E000190D38 /* Meal.swift in Sources */ = {isa = PBXBuildFile; fileRef = 10FB86512AD393E000190D38 /* Meal.swift */; };
		10FB86542AD393EB00190D38 /* MealDetail.swift in Sources */ = {isa = PBXBuildFile; fileRef = 10FB86532AD393EB00190D38 /* MealDetail.swift */; };
/* End PBXBuildFile section */

/* Begin PBXFileReference section */
		101AC9512AD4BFEA0006731F /* TheMealAPI+Meals.swift */ = {isa = PBXFileReference; lastKnownFileType = sourcecode.swift; path = "TheMealAPI+Meals.swift"; sourceTree = "<group>"; };
		101AC9532AD4C0CE0006731F /* Meals.swift */ = {isa = PBXFileReference; lastKnownFileType = sourcecode.swift; path = Meals.swift; sourceTree = "<group>"; };
		101AC9552AD4C17E0006731F /* MealsById.swift */ = {isa = PBXFileReference; lastKnownFileType = sourcecode.swift; path = MealsById.swift; sourceTree = "<group>"; };
		101AC9572AD4C9EC0006731F /* TheMealAPI+MealDetail.swift */ = {isa = PBXFileReference; lastKnownFileType = sourcecode.swift; path = "TheMealAPI+MealDetail.swift"; sourceTree = "<group>"; };
		101AC95B2AD4D99C0006731F /* MainViewModel.swift */ = {isa = PBXFileReference; lastKnownFileType = sourcecode.swift; path = MainViewModel.swift; sourceTree = "<group>"; };
		101AC95D2AD4DA8B0006731F /* MealTableViewCell.xib */ = {isa = PBXFileReference; lastKnownFileType = file.xib; path = MealTableViewCell.xib; sourceTree = "<group>"; };
		101AC95F2AD4DACC0006731F /* MealTableViewCell.swift */ = {isa = PBXFileReference; lastKnownFileType = sourcecode.swift; path = MealTableViewCell.swift; sourceTree = "<group>"; };
		10714D8E2AD0EBE900E26AD0 /* TheMeal.app */ = {isa = PBXFileReference; explicitFileType = wrapper.application; includeInIndex = 0; path = TheMeal.app; sourceTree = BUILT_PRODUCTS_DIR; };
		10714D912AD0EBE900E26AD0 /* AppDelegate.swift */ = {isa = PBXFileReference; lastKnownFileType = sourcecode.swift; path = AppDelegate.swift; sourceTree = "<group>"; };
		10714D932AD0EBE900E26AD0 /* SceneDelegate.swift */ = {isa = PBXFileReference; lastKnownFileType = sourcecode.swift; path = SceneDelegate.swift; sourceTree = "<group>"; };
		10714D952AD0EBE900E26AD0 /* ViewController.swift */ = {isa = PBXFileReference; lastKnownFileType = sourcecode.swift; path = ViewController.swift; sourceTree = "<group>"; };
		10714D982AD0EBE900E26AD0 /* Base */ = {isa = PBXFileReference; lastKnownFileType = file.storyboard; name = Base; path = Base.lproj/Main.storyboard; sourceTree = "<group>"; };
		10714D9A2AD0EBEC00E26AD0 /* Assets.xcassets */ = {isa = PBXFileReference; lastKnownFileType = folder.assetcatalog; path = Assets.xcassets; sourceTree = "<group>"; };
		10714D9D2AD0EBEC00E26AD0 /* Base */ = {isa = PBXFileReference; lastKnownFileType = file.storyboard; name = Base; path = Base.lproj/LaunchScreen.storyboard; sourceTree = "<group>"; };
		10714D9F2AD0EBEC00E26AD0 /* Info.plist */ = {isa = PBXFileReference; lastKnownFileType = text.plist.xml; path = Info.plist; sourceTree = "<group>"; };
		10A8AA042AD7325000EBE90D /* MealDetailViewController.swift */ = {isa = PBXFileReference; lastKnownFileType = sourcecode.swift; path = MealDetailViewController.swift; sourceTree = "<group>"; };
		10A8AA062AD7327500EBE90D /* MealDetailViewController.storyboard */ = {isa = PBXFileReference; lastKnownFileType = file.storyboard; path = MealDetailViewController.storyboard; sourceTree = "<group>"; };
		10A8AA082AD7391100EBE90D /* MealDetailViewModel.swift */ = {isa = PBXFileReference; lastKnownFileType = sourcecode.swift; path = MealDetailViewModel.swift; sourceTree = "<group>"; };
		10A8AA0B2AD7539F00EBE90D /* String+Validation.swift */ = {isa = PBXFileReference; lastKnownFileType = sourcecode.swift; path = "String+Validation.swift"; sourceTree = "<group>"; };
		10A8AA0D2AD7543C00EBE90D /* Storyboarded.swift */ = {isa = PBXFileReference; lastKnownFileType = sourcecode.swift; path = Storyboarded.swift; sourceTree = "<group>"; };
		10FB864E2AD38DEA00190D38 /* TheMealAPI.swift */ = {isa = PBXFileReference; lastKnownFileType = sourcecode.swift; path = TheMealAPI.swift; sourceTree = "<group>"; };
		10FB86512AD393E000190D38 /* Meal.swift */ = {isa = PBXFileReference; lastKnownFileType = sourcecode.swift; path = Meal.swift; sourceTree = "<group>"; };
		10FB86532AD393EB00190D38 /* MealDetail.swift */ = {isa = PBXFileReference; lastKnownFileType = sourcecode.swift; path = MealDetail.swift; sourceTree = "<group>"; };
/* End PBXFileReference section */

/* Begin PBXFrameworksBuildPhase section */
		10714D8B2AD0EBE900E26AD0 /* Frameworks */ = {
			isa = PBXFrameworksBuildPhase;
			buildActionMask = 2147483647;
			files = (
				10FB86482AD38ABD00190D38 /* Siesta in Frameworks */,
				10FB864A2AD38ABD00190D38 /* SiestaUI in Frameworks */,
			);
			runOnlyForDeploymentPostprocessing = 0;
		};
/* End PBXFrameworksBuildPhase section */

/* Begin PBXGroup section */
		101AC9592AD4D8D70006731F /* Features */ = {
			isa = PBXGroup;
			children = (
				10A8AA032AD731BD00EBE90D /* MealDetail */,
				101AC95A2AD4D8EB0006731F /* Main */,
			);
			path = Features;
			sourceTree = "<group>";
		};
		101AC95A2AD4D8EB0006731F /* Main */ = {
			isa = PBXGroup;
			children = (
				10714D952AD0EBE900E26AD0 /* ViewController.swift */,
				101AC95B2AD4D99C0006731F /* MainViewModel.swift */,
				101AC95D2AD4DA8B0006731F /* MealTableViewCell.xib */,
				101AC95F2AD4DACC0006731F /* MealTableViewCell.swift */,
			);
			path = Main;
			sourceTree = "<group>";
		};
		10714D852AD0EBE900E26AD0 = {
			isa = PBXGroup;
			children = (
				10714D902AD0EBE900E26AD0 /* TheMeal */,
				10714D8F2AD0EBE900E26AD0 /* Products */,
			);
			sourceTree = "<group>";
		};
		10714D8F2AD0EBE900E26AD0 /* Products */ = {
			isa = PBXGroup;
			children = (
				10714D8E2AD0EBE900E26AD0 /* TheMeal.app */,
			);
			name = Products;
			sourceTree = "<group>";
		};
		10714D902AD0EBE900E26AD0 /* TheMeal */ = {
			isa = PBXGroup;
			children = (
				10A8AA0A2AD7536E00EBE90D /* Utils */,
				101AC9592AD4D8D70006731F /* Features */,
				10FB864D2AD38DC400190D38 /* Networking */,
				10714D912AD0EBE900E26AD0 /* AppDelegate.swift */,
				10714D932AD0EBE900E26AD0 /* SceneDelegate.swift */,
				10714D972AD0EBE900E26AD0 /* Main.storyboard */,
				10714D9A2AD0EBEC00E26AD0 /* Assets.xcassets */,
				10714D9C2AD0EBEC00E26AD0 /* LaunchScreen.storyboard */,
				10714D9F2AD0EBEC00E26AD0 /* Info.plist */,
			);
			path = TheMeal;
			sourceTree = "<group>";
		};
		10A8AA032AD731BD00EBE90D /* MealDetail */ = {
			isa = PBXGroup;
			children = (
				10A8AA042AD7325000EBE90D /* MealDetailViewController.swift */,
				10A8AA062AD7327500EBE90D /* MealDetailViewController.storyboard */,
				10A8AA082AD7391100EBE90D /* MealDetailViewModel.swift */,
			);
			path = MealDetail;
			sourceTree = "<group>";
		};
		10A8AA0A2AD7536E00EBE90D /* Utils */ = {
			isa = PBXGroup;
			children = (
				10A8AA0B2AD7539F00EBE90D /* String+Validation.swift */,
				10A8AA0D2AD7543C00EBE90D /* Storyboarded.swift */,
			);
			path = Utils;
			sourceTree = "<group>";
		};
		10FB864D2AD38DC400190D38 /* Networking */ = {
			isa = PBXGroup;
			children = (
				10FB86502AD3919D00190D38 /* Models */,
				10FB864E2AD38DEA00190D38 /* TheMealAPI.swift */,
				101AC9512AD4BFEA0006731F /* TheMealAPI+Meals.swift */,
				101AC9572AD4C9EC0006731F /* TheMealAPI+MealDetail.swift */,
			);
			path = Networking;
			sourceTree = "<group>";
		};
		10FB86502AD3919D00190D38 /* Models */ = {
			isa = PBXGroup;
			children = (
				10FB86512AD393E000190D38 /* Meal.swift */,
				10FB86532AD393EB00190D38 /* MealDetail.swift */,
				101AC9532AD4C0CE0006731F /* Meals.swift */,
				101AC9552AD4C17E0006731F /* MealsById.swift */,
			);
			path = Models;
			sourceTree = "<group>";
		};
/* End PBXGroup section */

/* Begin PBXNativeTarget section */
		10714D8D2AD0EBE900E26AD0 /* TheMeal */ = {
			isa = PBXNativeTarget;
			buildConfigurationList = 10714DA22AD0EBEC00E26AD0 /* Build configuration list for PBXNativeTarget "TheMeal" */;
			buildPhases = (
				10714D8A2AD0EBE900E26AD0 /* Sources */,
				10714D8B2AD0EBE900E26AD0 /* Frameworks */,
				10714D8C2AD0EBE900E26AD0 /* Resources */,
			);
			buildRules = (
			);
			dependencies = (
			);
			name = TheMeal;
			packageProductDependencies = (
				10FB86472AD38ABD00190D38 /* Siesta */,
				10FB86492AD38ABD00190D38 /* SiestaUI */,
			);
			productName = TheMeal;
			productReference = 10714D8E2AD0EBE900E26AD0 /* TheMeal.app */;
			productType = "com.apple.product-type.application";
		};
/* End PBXNativeTarget section */

/* Begin PBXProject section */
		10714D862AD0EBE900E26AD0 /* Project object */ = {
			isa = PBXProject;
			attributes = {
				BuildIndependentTargetsInParallel = 1;
				LastSwiftUpdateCheck = 1500;
				LastUpgradeCheck = 1500;
				TargetAttributes = {
					10714D8D2AD0EBE900E26AD0 = {
						CreatedOnToolsVersion = 15.0;
					};
				};
			};
			buildConfigurationList = 10714D892AD0EBE900E26AD0 /* Build configuration list for PBXProject "TheMeal" */;
			compatibilityVersion = "Xcode 14.0";
			developmentRegion = en;
			hasScannedForEncodings = 0;
			knownRegions = (
				en,
				Base,
			);
			mainGroup = 10714D852AD0EBE900E26AD0;
			packageReferences = (
				10FB86462AD38ABD00190D38 /* XCRemoteSwiftPackageReference "siesta" */,
			);
			productRefGroup = 10714D8F2AD0EBE900E26AD0 /* Products */;
			projectDirPath = "";
			projectRoot = "";
			targets = (
				10714D8D2AD0EBE900E26AD0 /* TheMeal */,
			);
		};
/* End PBXProject section */

/* Begin PBXResourcesBuildPhase section */
		10714D8C2AD0EBE900E26AD0 /* Resources */ = {
			isa = PBXResourcesBuildPhase;
			buildActionMask = 2147483647;
			files = (
				101AC95E2AD4DA8B0006731F /* MealTableViewCell.xib in Resources */,
				10714D9E2AD0EBEC00E26AD0 /* LaunchScreen.storyboard in Resources */,
				10714D9B2AD0EBEC00E26AD0 /* Assets.xcassets in Resources */,
				10714D992AD0EBE900E26AD0 /* Main.storyboard in Resources */,
				10A8AA072AD7327500EBE90D /* MealDetailViewController.storyboard in Resources */,
			);
			runOnlyForDeploymentPostprocessing = 0;
		};
/* End PBXResourcesBuildPhase section */

/* Begin PBXSourcesBuildPhase section */
		10714D8A2AD0EBE900E26AD0 /* Sources */ = {
			isa = PBXSourcesBuildPhase;
			buildActionMask = 2147483647;
			files = (
				101AC9542AD4C0CE0006731F /* Meals.swift in Sources */,
				101AC9582AD4C9EC0006731F /* TheMealAPI+MealDetail.swift in Sources */,
				10FB86522AD393E000190D38 /* Meal.swift in Sources */,
				10714D962AD0EBE900E26AD0 /* ViewController.swift in Sources */,
				101AC9522AD4BFEA0006731F /* TheMealAPI+Meals.swift in Sources */,
				10FB864F2AD38DEA00190D38 /* TheMealAPI.swift in Sources */,
				10A8AA0C2AD7539F00EBE90D /* String+Validation.swift in Sources */,
				10A8AA052AD7325000EBE90D /* MealDetailViewController.swift in Sources */,
				101AC9562AD4C17E0006731F /* MealsById.swift in Sources */,
				10FB86542AD393EB00190D38 /* MealDetail.swift in Sources */,
				101AC9602AD4DACC0006731F /* MealTableViewCell.swift in Sources */,
				10714D922AD0EBE900E26AD0 /* AppDelegate.swift in Sources */,
				10714D942AD0EBE900E26AD0 /* SceneDelegate.swift in Sources */,
				10A8AA092AD7391100EBE90D /* MealDetailViewModel.swift in Sources */,
				101AC95C2AD4D99C0006731F /* MainViewModel.swift in Sources */,
				10A8AA0E2AD7543C00EBE90D /* Storyboarded.swift in Sources */,
			);
			runOnlyForDeploymentPostprocessing = 0;
		};
/* End PBXSourcesBuildPhase section */

/* Begin PBXVariantGroup section */
		10714D972AD0EBE900E26AD0 /* Main.storyboard */ = {
			isa = PBXVariantGroup;
			children = (
				10714D982AD0EBE900E26AD0 /* Base */,
			);
			name = Main.storyboard;
			sourceTree = "<group>";
		};
		10714D9C2AD0EBEC00E26AD0 /* LaunchScreen.storyboard */ = {
			isa = PBXVariantGroup;
			children = (
				10714D9D2AD0EBEC00E26AD0 /* Base */,
			);
			name = LaunchScreen.storyboard;
			sourceTree = "<group>";
		};
/* End PBXVariantGroup section */

/* Begin XCBuildConfiguration section */
		10714DA02AD0EBEC00E26AD0 /* Debug */ = {
			isa = XCBuildConfiguration;
			buildSettings = {
				ALWAYS_SEARCH_USER_PATHS = NO;
				ASSETCATALOG_COMPILER_GENERATE_SWIFT_ASSET_SYMBOL_EXTENSIONS = YES;
				CLANG_ANALYZER_NONNULL = YES;
				CLANG_ANALYZER_NUMBER_OBJECT_CONVERSION = YES_AGGRESSIVE;
				CLANG_CXX_LANGUAGE_STANDARD = "gnu++20";
				CLANG_ENABLE_MODULES = YES;
				CLANG_ENABLE_OBJC_ARC = YES;
				CLANG_ENABLE_OBJC_WEAK = YES;
				CLANG_WARN_BLOCK_CAPTURE_AUTORELEASING = YES;
				CLANG_WARN_BOOL_CONVERSION = YES;
				CLANG_WARN_COMMA = YES;
				CLANG_WARN_CONSTANT_CONVERSION = YES;
				CLANG_WARN_DEPRECATED_OBJC_IMPLEMENTATIONS = YES;
				CLANG_WARN_DIRECT_OBJC_ISA_USAGE = YES_ERROR;
				CLANG_WARN_DOCUMENTATION_COMMENTS = YES;
				CLANG_WARN_EMPTY_BODY = YES;
				CLANG_WARN_ENUM_CONVERSION = YES;
				CLANG_WARN_INFINITE_RECURSION = YES;
				CLANG_WARN_INT_CONVERSION = YES;
				CLANG_WARN_NON_LITERAL_NULL_CONVERSION = YES;
				CLANG_WARN_OBJC_IMPLICIT_RETAIN_SELF = YES;
				CLANG_WARN_OBJC_LITERAL_CONVERSION = YES;
				CLANG_WARN_OBJC_ROOT_CLASS = YES_ERROR;
				CLANG_WARN_QUOTED_INCLUDE_IN_FRAMEWORK_HEADER = YES;
				CLANG_WARN_RANGE_LOOP_ANALYSIS = YES;
				CLANG_WARN_STRICT_PROTOTYPES = YES;
				CLANG_WARN_SUSPICIOUS_MOVE = YES;
				CLANG_WARN_UNGUARDED_AVAILABILITY = YES_AGGRESSIVE;
				CLANG_WARN_UNREACHABLE_CODE = YES;
				CLANG_WARN__DUPLICATE_METHOD_MATCH = YES;
				COPY_PHASE_STRIP = NO;
				DEBUG_INFORMATION_FORMAT = dwarf;
				ENABLE_STRICT_OBJC_MSGSEND = YES;
				ENABLE_TESTABILITY = YES;
				ENABLE_USER_SCRIPT_SANDBOXING = YES;
				GCC_C_LANGUAGE_STANDARD = gnu17;
				GCC_DYNAMIC_NO_PIC = NO;
				GCC_NO_COMMON_BLOCKS = YES;
				GCC_OPTIMIZATION_LEVEL = 0;
				GCC_PREPROCESSOR_DEFINITIONS = (
					"DEBUG=1",
					"$(inherited)",
				);
				GCC_WARN_64_TO_32_BIT_CONVERSION = YES;
				GCC_WARN_ABOUT_RETURN_TYPE = YES_ERROR;
				GCC_WARN_UNDECLARED_SELECTOR = YES;
				GCC_WARN_UNINITIALIZED_AUTOS = YES_AGGRESSIVE;
				GCC_WARN_UNUSED_FUNCTION = YES;
				GCC_WARN_UNUSED_VARIABLE = YES;
				IPHONEOS_DEPLOYMENT_TARGET = 17.0;
				LOCALIZATION_PREFERS_STRING_CATALOGS = YES;
				MTL_ENABLE_DEBUG_INFO = INCLUDE_SOURCE;
				MTL_FAST_MATH = YES;
				ONLY_ACTIVE_ARCH = YES;
				SDKROOT = iphoneos;
				SWIFT_ACTIVE_COMPILATION_CONDITIONS = "DEBUG $(inherited)";
				SWIFT_OPTIMIZATION_LEVEL = "-Onone";
			};
			name = Debug;
		};
		10714DA12AD0EBEC00E26AD0 /* Release */ = {
			isa = XCBuildConfiguration;
			buildSettings = {
				ALWAYS_SEARCH_USER_PATHS = NO;
				ASSETCATALOG_COMPILER_GENERATE_SWIFT_ASSET_SYMBOL_EXTENSIONS = YES;
				CLANG_ANALYZER_NONNULL = YES;
				CLANG_ANALYZER_NUMBER_OBJECT_CONVERSION = YES_AGGRESSIVE;
				CLANG_CXX_LANGUAGE_STANDARD = "gnu++20";
				CLANG_ENABLE_MODULES = YES;
				CLANG_ENABLE_OBJC_ARC = YES;
				CLANG_ENABLE_OBJC_WEAK = YES;
				CLANG_WARN_BLOCK_CAPTURE_AUTORELEASING = YES;
				CLANG_WARN_BOOL_CONVERSION = YES;
				CLANG_WARN_COMMA = YES;
				CLANG_WARN_CONSTANT_CONVERSION = YES;
				CLANG_WARN_DEPRECATED_OBJC_IMPLEMENTATIONS = YES;
				CLANG_WARN_DIRECT_OBJC_ISA_USAGE = YES_ERROR;
				CLANG_WARN_DOCUMENTATION_COMMENTS = YES;
				CLANG_WARN_EMPTY_BODY = YES;
				CLANG_WARN_ENUM_CONVERSION = YES;
				CLANG_WARN_INFINITE_RECURSION = YES;
				CLANG_WARN_INT_CONVERSION = YES;
				CLANG_WARN_NON_LITERAL_NULL_CONVERSION = YES;
				CLANG_WARN_OBJC_IMPLICIT_RETAIN_SELF = YES;
				CLANG_WARN_OBJC_LITERAL_CONVERSION = YES;
				CLANG_WARN_OBJC_ROOT_CLASS = YES_ERROR;
				CLANG_WARN_QUOTED_INCLUDE_IN_FRAMEWORK_HEADER = YES;
				CLANG_WARN_RANGE_LOOP_ANALYSIS = YES;
				CLANG_WARN_STRICT_PROTOTYPES = YES;
				CLANG_WARN_SUSPICIOUS_MOVE = YES;
				CLANG_WARN_UNGUARDED_AVAILABILITY = YES_AGGRESSIVE;
				CLANG_WARN_UNREACHABLE_CODE = YES;
				CLANG_WARN__DUPLICATE_METHOD_MATCH = YES;
				COPY_PHASE_STRIP = NO;
				DEBUG_INFORMATION_FORMAT = "dwarf-with-dsym";
				ENABLE_NS_ASSERTIONS = NO;
				ENABLE_STRICT_OBJC_MSGSEND = YES;
				ENABLE_USER_SCRIPT_SANDBOXING = YES;
				GCC_C_LANGUAGE_STANDARD = gnu17;
				GCC_NO_COMMON_BLOCKS = YES;
				GCC_WARN_64_TO_32_BIT_CONVERSION = YES;
				GCC_WARN_ABOUT_RETURN_TYPE = YES_ERROR;
				GCC_WARN_UNDECLARED_SELECTOR = YES;
				GCC_WARN_UNINITIALIZED_AUTOS = YES_AGGRESSIVE;
				GCC_WARN_UNUSED_FUNCTION = YES;
				GCC_WARN_UNUSED_VARIABLE = YES;
				IPHONEOS_DEPLOYMENT_TARGET = 17.0;
				LOCALIZATION_PREFERS_STRING_CATALOGS = YES;
				MTL_ENABLE_DEBUG_INFO = NO;
				MTL_FAST_MATH = YES;
				SDKROOT = iphoneos;
				SWIFT_COMPILATION_MODE = wholemodule;
				VALIDATE_PRODUCT = YES;
			};
			name = Release;
		};
		10714DA32AD0EBEC00E26AD0 /* Debug */ = {
			isa = XCBuildConfiguration;
			buildSettings = {
				ASSETCATALOG_COMPILER_APPICON_NAME = AppIcon;
				ASSETCATALOG_COMPILER_GLOBAL_ACCENT_COLOR_NAME = AccentColor;
				CODE_SIGN_STYLE = Automatic;
				CURRENT_PROJECT_VERSION = 1;
				GENERATE_INFOPLIST_FILE = YES;
				INFOPLIST_FILE = TheMeal/Info.plist;
				INFOPLIST_KEY_UIApplicationSupportsIndirectInputEvents = YES;
				INFOPLIST_KEY_UILaunchStoryboardName = LaunchScreen;
				INFOPLIST_KEY_UIMainStoryboardFile = Main;
				INFOPLIST_KEY_UISupportedInterfaceOrientations_iPad = "UIInterfaceOrientationPortrait UIInterfaceOrientationPortraitUpsideDown UIInterfaceOrientationLandscapeLeft UIInterfaceOrientationLandscapeRight";
				INFOPLIST_KEY_UISupportedInterfaceOrientations_iPhone = "UIInterfaceOrientationPortrait UIInterfaceOrientationLandscapeLeft UIInterfaceOrientationLandscapeRight";
				LD_RUNPATH_SEARCH_PATHS = (
					"$(inherited)",
					"@executable_path/Frameworks",
				);
				MARKETING_VERSION = 1.0;
				PRODUCT_BUNDLE_IDENTIFIER = test.TheMeal;
				PRODUCT_NAME = "$(TARGET_NAME)";
				SWIFT_EMIT_LOC_STRINGS = YES;
				SWIFT_VERSION = 5.0;
				TARGETED_DEVICE_FAMILY = "1,2";
			};
			name = Debug;
		};
		10714DA42AD0EBEC00E26AD0 /* Release */ = {
			isa = XCBuildConfiguration;
			buildSettings = {
				ASSETCATALOG_COMPILER_APPICON_NAME = AppIcon;
				ASSETCATALOG_COMPILER_GLOBAL_ACCENT_COLOR_NAME = AccentColor;
				CODE_SIGN_STYLE = Automatic;
				CURRENT_PROJECT_VERSION = 1;
				GENERATE_INFOPLIST_FILE = YES;
				INFOPLIST_FILE = TheMeal/Info.plist;
				INFOPLIST_KEY_UIApplicationSupportsIndirectInputEvents = YES;
				INFOPLIST_KEY_UILaunchStoryboardName = LaunchScreen;
				INFOPLIST_KEY_UIMainStoryboardFile = Main;
				INFOPLIST_KEY_UISupportedInterfaceOrientations_iPad = "UIInterfaceOrientationPortrait UIInterfaceOrientationPortraitUpsideDown UIInterfaceOrientationLandscapeLeft UIInterfaceOrientationLandscapeRight";
				INFOPLIST_KEY_UISupportedInterfaceOrientations_iPhone = "UIInterfaceOrientationPortrait UIInterfaceOrientationLandscapeLeft UIInterfaceOrientationLandscapeRight";
				LD_RUNPATH_SEARCH_PATHS = (
					"$(inherited)",
					"@executable_path/Frameworks",
				);
				MARKETING_VERSION = 1.0;
				PRODUCT_BUNDLE_IDENTIFIER = test.TheMeal;
				PRODUCT_NAME = "$(TARGET_NAME)";
				SWIFT_EMIT_LOC_STRINGS = YES;
				SWIFT_VERSION = 5.0;
				TARGETED_DEVICE_FAMILY = "1,2";
			};
			name = Release;
		};
/* End XCBuildConfiguration section */

/* Begin XCConfigurationList section */
		10714D892AD0EBE900E26AD0 /* Build configuration list for PBXProject "TheMeal" */ = {
			isa = XCConfigurationList;
			buildConfigurations = (
				10714DA02AD0EBEC00E26AD0 /* Debug */,
				10714DA12AD0EBEC00E26AD0 /* Release */,
			);
			defaultConfigurationIsVisible = 0;
			defaultConfigurationName = Release;
		};
		10714DA22AD0EBEC00E26AD0 /* Build configuration list for PBXNativeTarget "TheMeal" */ = {
			isa = XCConfigurationList;
			buildConfigurations = (
				10714DA32AD0EBEC00E26AD0 /* Debug */,
				10714DA42AD0EBEC00E26AD0 /* Release */,
			);
			defaultConfigurationIsVisible = 0;
			defaultConfigurationName = Release;
		};
/* End XCConfigurationList section */

/* Begin XCRemoteSwiftPackageReference section */
		10FB86462AD38ABD00190D38 /* XCRemoteSwiftPackageReference "siesta" */ = {
			isa = XCRemoteSwiftPackageReference;
			repositoryURL = "https://github.com/bustoutsolutions/siesta";
			requirement = {
				kind = upToNextMajorVersion;
				minimumVersion = 1.5.2;
			};
		};
/* End XCRemoteSwiftPackageReference section */

/* Begin XCSwiftPackageProductDependency section */
		10FB86472AD38ABD00190D38 /* Siesta */ = {
			isa = XCSwiftPackageProductDependency;
			package = 10FB86462AD38ABD00190D38 /* XCRemoteSwiftPackageReference "siesta" */;
			productName = Siesta;
		};
		10FB86492AD38ABD00190D38 /* SiestaUI */ = {
			isa = XCSwiftPackageProductDependency;
			package = 10FB86462AD38ABD00190D38 /* XCRemoteSwiftPackageReference "siesta" */;
			productName = SiestaUI;
		};
/* End XCSwiftPackageProductDependency section */
	};
	rootObject = 10714D862AD0EBE900E26AD0 /* Project object */;
}
