{
  "pins" : [
    {
      "identity" : "alamofire",
      "kind" : "remoteSourceControl",
      "location" : "https://github.com/Alamofire/Alamofire",
      "state" : {
        "revision" : "b2fa556e4e48cbf06cf8c63def138c98f4b811fa",
        "version" : "5.8.0"
      }
    },
    {
      "identity" : "siesta",
      "kind" : "remoteSourceControl",
      "location" : "https://github.com/bustoutsolutions/siesta",
      "state" : {
        "revision" : "43f34046ebb5beb6802200353c473af303bbc31e",
        "version" : "1.5.2"
      }
    }
  ],
  "version" : 2
}
